
Microsoft Visual Studio Solution File, Format Version 12.00
# Visual Studio Version 17
VisualStudioVersion = 17.7.34031.279
MinimumVisualStudioVersion = 10.0.40219.1
Project("{8BC9CEB8-8B4A-11D0-8D11-00A0C91BC942}") = "mima", "mima.vcxproj", "{168A4145-06E8-43B6-B92D-97D3E5874E66}"
EndProject
Global
	GlobalSection(SolutionConfigurationPlatforms) = preSolution
		Debug|x64 = Debug|x64
		Debug|x86 = Debug|x86
		Release|x64 = Release|x64
		Release|x86 = Release|x86
	EndGlobalSection
	GlobalSection(ProjectConfigurationPlatforms) = postSolution
		{168A4145-06E8-43B6-B92D-97D3E5874E66}.Debug|x64.ActiveCfg = Debug|x64
		{168A4145-06E8-43B6-B92D-97D3E5874E66}.Debug|x64.Build.0 = Debug|x64
		{168A4145-06E8-43B6-B92D-97D3E5874E66}.Debug|x86.ActiveCfg = Debug|Win32
		{168A4145-06E8-43B6-B92D-97D3E5874E66}.Debug|x86.Build.0 = Debug|Win32
		{168A4145-06E8-43B6-B92D-97D3E5874E66}.Release|x64.ActiveCfg = Release|x64
		{168A4145-06E8-43B6-B92D-97D3E5874E66}.Release|x64.Build.0 = Release|x64
		{168A4145-06E8-43B6-B92D-97D3E5874E66}.Release|x86.ActiveCfg = Release|Win32
		{168A4145-06E8-43B6-B92D-97D3E5874E66}.Release|x86.Build.0 = Release|Win32
	EndGlobalSection
	GlobalSection(SolutionProperties) = preSolution
		HideSolutionNode = FALSE
	EndGlobalSection
	GlobalSection(ExtensibilityGlobals) = postSolution
		SolutionGuid = {FDADD9F2-B969-49EC-A11E-0DDCDB2DCB09}
	EndGlobalSection
EndGlobal
